
Microsoft Visual Studio Solution File, Format Version 12.00
# Visual Studio Version 17
VisualStudioVersion = 17.4.33122.133
MinimumVisualStudioVersion = 10.0.40219.1
Project("{FAE04EC0-301F-11D3-BF4B-00C04F79EFBC}") = "GamesCollection", "GamesCollection\GamesCollection.csproj", "{6A193ABD-999E-4B2D-B789-FF9825788163}"
EndProject
Global
	GlobalSection(SolutionConfigurationPlatforms) = preSolution
		Debug|Any CPU = Debug|Any CPU
		Release|Any CPU = Release|Any CPU
	EndGlobalSection
	GlobalSection(ProjectConfigurationPlatforms) = postSolution
		{6A193ABD-999E-4B2D-B789-FF9825788163}.Debug|Any CPU.ActiveCfg = Debug|Any CPU
		{6A193ABD-999E-4B2D-B789-FF9825788163}.Debug|Any CPU.Build.0 = Debug|Any CPU
		{6A193ABD-999E-4B2D-B789-FF9825788163}.Release|Any CPU.ActiveCfg = Release|Any CPU
		{6A193ABD-999E-4B2D-B789-FF9825788163}.Release|Any CPU.Build.0 = Release|Any CPU
	EndGlobalSection
	GlobalSection(SolutionProperties) = preSolution
		HideSolutionNode = FALSE
	EndGlobalSection
	GlobalSection(ExtensibilityGlobals) = postSolution
		SolutionGuid = {153864C2-4CE0-4198-AC2C-6BD983B81D7B}
	EndGlobalSection
EndGlobal
